
Microsoft Visual Studio Solution File, Format Version 12.00
# Visual Studio Version 17
VisualStudioVersion = 17.3.32901.215
MinimumVisualStudioVersion = 10.0.40219.1
Project("{FAE04EC0-301F-11D3-BF4B-00C04F79EFBC}") = "Exec_BMI", "Exec_BMI\Exec_BMI.csproj", "{0CEE1DC2-BC4F-41BC-9F72-586EE41A0B4A}"
EndProject
Global
	GlobalSection(SolutionConfigurationPlatforms) = preSolution
		Debug|Any CPU = Debug|Any CPU
		Release|Any CPU = Release|Any CPU
	EndGlobalSection
	GlobalSection(ProjectConfigurationPlatforms) = postSolution
		{0CEE1DC2-BC4F-41BC-9F72-586EE41A0B4A}.Debug|Any CPU.ActiveCfg = Debug|Any CPU
		{0CEE1DC2-BC4F-41BC-9F72-586EE41A0B4A}.Debug|Any CPU.Build.0 = Debug|Any CPU
		{0CEE1DC2-BC4F-41BC-9F72-586EE41A0B4A}.Release|Any CPU.ActiveCfg = Release|Any CPU
		{0CEE1DC2-BC4F-41BC-9F72-586EE41A0B4A}.Release|Any CPU.Build.0 = Release|Any CPU
	EndGlobalSection
	GlobalSection(SolutionProperties) = preSolution
		HideSolutionNode = FALSE
	EndGlobalSection
	GlobalSection(ExtensibilityGlobals) = postSolution
		SolutionGuid = {549A18E2-A6F5-41D9-AFE2-4D3B5B31C8FC}
	EndGlobalSection
EndGlobal
